// !$*UTF8*$!
{
	archiveVersion = 1;
	classes = {
	};
	objectVersion = 55;
	objects = {

/* Begin PBXBuildFile section */
		7E2E952D296EE45C009259B5 /* AppDelegate.swift in Sources */ = {isa = PBXBuildFile; fileRef = 7E2E952C296EE45C009259B5 /* AppDelegate.swift */; };
		7E2E952F296EE45C009259B5 /* SceneDelegate.swift in Sources */ = {isa = PBXBuildFile; fileRef = 7E2E952E296EE45C009259B5 /* SceneDelegate.swift */; };
		7E2E9531296EE45C009259B5 /* ViewController.swift in Sources */ = {isa = PBXBuildFile; fileRef = 7E2E9530296EE45C009259B5 /* ViewController.swift */; };
		7E2E9534296EE45C009259B5 /* Main.storyboard in Resources */ = {isa = PBXBuildFile; fileRef = 7E2E9532296EE45C009259B5 /* Main.storyboard */; };
		7E2E9536296EE45D009259B5 /* Assets.xcassets in Resources */ = {isa = PBXBuildFile; fileRef = 7E2E9535296EE45D009259B5 /* Assets.xcassets */; };
		7E2E9539296EE45D009259B5 /* LaunchScreen.storyboard in Resources */ = {isa = PBXBuildFile; fileRef = 7E2E9537296EE45D009259B5 /* LaunchScreen.storyboard */; };
		7E2E9544296EE45D009259B5 /* RxWeatherTests.swift in Sources */ = {isa = PBXBuildFile; fileRef = 7E2E9543296EE45D009259B5 /* RxWeatherTests.swift */; };
		7E2E954E296EE45D009259B5 /* RxWeatherUITests.swift in Sources */ = {isa = PBXBuildFile; fileRef = 7E2E954D296EE45D009259B5 /* RxWeatherUITests.swift */; };
		7E2E9550296EE45D009259B5 /* RxWeatherUITestsLaunchTests.swift in Sources */ = {isa = PBXBuildFile; fileRef = 7E2E954F296EE45D009259B5 /* RxWeatherUITestsLaunchTests.swift */; };
		7E2E955E296EE9C3009259B5 /* Weather.swift in Sources */ = {isa = PBXBuildFile; fileRef = 7E2E955D296EE9C3009259B5 /* Weather.swift */; };
		7E2E9561296EECB2009259B5 /* URLRequest+Ex.swift in Sources */ = {isa = PBXBuildFile; fileRef = 7E2E9560296EECB2009259B5 /* URLRequest+Ex.swift */; };
		7E2E9563296EF402009259B5 /* URL+Ex.swift in Sources */ = {isa = PBXBuildFile; fileRef = 7E2E9562296EF402009259B5 /* URL+Ex.swift */; };
		8A8B3257A44B5ADCA90598CA /* Pods_RxWeatherTests.framework in Frameworks */ = {isa = PBXBuildFile; fileRef = B93F81C77D0745EABB5867E1 /* Pods_RxWeatherTests.framework */; };
		B49A3A7898FCDA623C58C307 /* Pods_RxWeather.framework in Frameworks */ = {isa = PBXBuildFile; fileRef = 5BA1ADA9DDD02FCD45A2FB52 /* Pods_RxWeather.framework */; };
		E88ABDBA10E358FC1C379F53 /* Pods_RxWeather_RxWeatherUITests.framework in Frameworks */ = {isa = PBXBuildFile; fileRef = 1BA01961E0AA2AE789467307 /* Pods_RxWeather_RxWeatherUITests.framework */; };
/* End PBXBuildFile section */

/* Begin PBXContainerItemProxy section */
		7E2E9540296EE45D009259B5 /* PBXContainerItemProxy */ = {
			isa = PBXContainerItemProxy;
			containerPortal = 7E2E9521296EE45C009259B5 /* Project object */;
			proxyType = 1;
			remoteGlobalIDString = 7E2E9528296EE45C009259B5;
			remoteInfo = RxWeather;
		};
		7E2E954A296EE45D009259B5 /* PBXContainerItemProxy */ = {
			isa = PBXContainerItemProxy;
			containerPortal = 7E2E9521296EE45C009259B5 /* Project object */;
			proxyType = 1;
			remoteGlobalIDString = 7E2E9528296EE45C009259B5;
			remoteInfo = RxWeather;
		};
/* End PBXContainerItemProxy section */

/* Begin PBXFileReference section */
		1BA01961E0AA2AE789467307 /* Pods_RxWeather_RxWeatherUITests.framework */ = {isa = PBXFileReference; explicitFileType = wrapper.framework; includeInIndex = 0; path = Pods_RxWeather_RxWeatherUITests.framework; sourceTree = BUILT_PRODUCTS_DIR; };
		29AAE47503F5A9CC289C13CE /* Pods-RxWeather-RxWeatherUITests.debug.xcconfig */ = {isa = PBXFileReference; includeInIndex = 1; lastKnownFileType = text.xcconfig; name = "Pods-RxWeather-RxWeatherUITests.debug.xcconfig"; path = "Target Support Files/Pods-RxWeather-RxWeatherUITests/Pods-RxWeather-RxWeatherUITests.debug.xcconfig"; sourceTree = "<group>"; };
		3FF3960F885FAD67939D9BC7 /* Pods-RxWeather.release.xcconfig */ = {isa = PBXFileReference; includeInIndex = 1; lastKnownFileType = text.xcconfig; name = "Pods-RxWeather.release.xcconfig"; path = "Target Support Files/Pods-RxWeather/Pods-RxWeather.release.xcconfig"; sourceTree = "<group>"; };
		5BA1ADA9DDD02FCD45A2FB52 /* Pods_RxWeather.framework */ = {isa = PBXFileReference; explicitFileType = wrapper.framework; includeInIndex = 0; path = Pods_RxWeather.framework; sourceTree = BUILT_PRODUCTS_DIR; };
		7E2E9529296EE45C009259B5 /* RxWeather.app */ = {isa = PBXFileReference; explicitFileType = wrapper.application; includeInIndex = 0; path = RxWeather.app; sourceTree = BUILT_PRODUCTS_DIR; };
		7E2E952C296EE45C009259B5 /* AppDelegate.swift */ = {isa = PBXFileReference; lastKnownFileType = sourcecode.swift; path = AppDelegate.swift; sourceTree = "<group>"; };
		7E2E952E296EE45C009259B5 /* SceneDelegate.swift */ = {isa = PBXFileReference; lastKnownFileType = sourcecode.swift; path = SceneDelegate.swift; sourceTree = "<group>"; };
		7E2E9530296EE45C009259B5 /* ViewController.swift */ = {isa = PBXFileReference; lastKnownFileType = sourcecode.swift; path = ViewController.swift; sourceTree = "<group>"; };
		7E2E9533296EE45C009259B5 /* Base */ = {isa = PBXFileReference; lastKnownFileType = file.storyboard; name = Base; path = Base.lproj/Main.storyboard; sourceTree = "<group>"; };
		7E2E9535296EE45D009259B5 /* Assets.xcassets */ = {isa = PBXFileReference; lastKnownFileType = folder.assetcatalog; path = Assets.xcassets; sourceTree = "<group>"; };
		7E2E9538296EE45D009259B5 /* Base */ = {isa = PBXFileReference; lastKnownFileType = file.storyboard; name = Base; path = Base.lproj/LaunchScreen.storyboard; sourceTree = "<group>"; };
		7E2E953A296EE45D009259B5 /* Info.plist */ = {isa = PBXFileReference; lastKnownFileType = text.plist.xml; path = Info.plist; sourceTree = "<group>"; };
		7E2E953F296EE45D009259B5 /* RxWeatherTests.xctest */ = {isa = PBXFileReference; explicitFileType = wrapper.cfbundle; includeInIndex = 0; path = RxWeatherTests.xctest; sourceTree = BUILT_PRODUCTS_DIR; };
		7E2E9543296EE45D009259B5 /* RxWeatherTests.swift */ = {isa = PBXFileReference; lastKnownFileType = sourcecode.swift; path = RxWeatherTests.swift; sourceTree = "<group>"; };
		7E2E9549296EE45D009259B5 /* RxWeatherUITests.xctest */ = {isa = PBXFileReference; explicitFileType = wrapper.cfbundle; includeInIndex = 0; path = RxWeatherUITests.xctest; sourceTree = BUILT_PRODUCTS_DIR; };
		7E2E954D296EE45D009259B5 /* RxWeatherUITests.swift */ = {isa = PBXFileReference; lastKnownFileType = sourcecode.swift; path = RxWeatherUITests.swift; sourceTree = "<group>"; };
		7E2E954F296EE45D009259B5 /* RxWeatherUITestsLaunchTests.swift */ = {isa = PBXFileReference; lastKnownFileType = sourcecode.swift; path = RxWeatherUITestsLaunchTests.swift; sourceTree = "<group>"; };
		7E2E955D296EE9C3009259B5 /* Weather.swift */ = {isa = PBXFileReference; lastKnownFileType = sourcecode.swift; path = Weather.swift; sourceTree = "<group>"; };
		7E2E9560296EECB2009259B5 /* URLRequest+Ex.swift */ = {isa = PBXFileReference; lastKnownFileType = sourcecode.swift; path = "URLRequest+Ex.swift"; sourceTree = "<group>"; };
		7E2E9562296EF402009259B5 /* URL+Ex.swift */ = {isa = PBXFileReference; lastKnownFileType = sourcecode.swift; path = "URL+Ex.swift"; sourceTree = "<group>"; };
		93E3BA5099C47AFF0227559B /* Pods-RxWeatherTests.debug.xcconfig */ = {isa = PBXFileReference; includeInIndex = 1; lastKnownFileType = text.xcconfig; name = "Pods-RxWeatherTests.debug.xcconfig"; path = "Target Support Files/Pods-RxWeatherTests/Pods-RxWeatherTests.debug.xcconfig"; sourceTree = "<group>"; };
		ADC06DB3D845DFCA07933279 /* Pods-RxWeather-RxWeatherUITests.release.xcconfig */ = {isa = PBXFileReference; includeInIndex = 1; lastKnownFileType = text.xcconfig; name = "Pods-RxWeather-RxWeatherUITests.release.xcconfig"; path = "Target Support Files/Pods-RxWeather-RxWeatherUITests/Pods-RxWeather-RxWeatherUITests.release.xcconfig"; sourceTree = "<group>"; };
		B93F81C77D0745EABB5867E1 /* Pods_RxWeatherTests.framework */ = {isa = PBXFileReference; explicitFileType = wrapper.framework; includeInIndex = 0; path = Pods_RxWeatherTests.framework; sourceTree = BUILT_PRODUCTS_DIR; };
		DC14740055214CA432E4C7C5 /* Pods-RxWeatherTests.release.xcconfig */ = {isa = PBXFileReference; includeInIndex = 1; lastKnownFileType = text.xcconfig; name = "Pods-RxWeatherTests.release.xcconfig"; path = "Target Support Files/Pods-RxWeatherTests/Pods-RxWeatherTests.release.xcconfig"; sourceTree = "<group>"; };
		E95F4DFD2B855D0709460FF5 /* Pods-RxWeather.debug.xcconfig */ = {isa = PBXFileReference; includeInIndex = 1; lastKnownFileType = text.xcconfig; name = "Pods-RxWeather.debug.xcconfig"; path = "Target Support Files/Pods-RxWeather/Pods-RxWeather.debug.xcconfig"; sourceTree = "<group>"; };
/* End PBXFileReference section */

/* Begin PBXFrameworksBuildPhase section */
		7E2E9526296EE45C009259B5 /* Frameworks */ = {
			isa = PBXFrameworksBuildPhase;
			buildActionMask = 2147483647;
			files = (
				B49A3A7898FCDA623C58C307 /* Pods_RxWeather.framework in Frameworks */,
			);
			runOnlyForDeploymentPostprocessing = 0;
		};
		7E2E953C296EE45D009259B5 /* Frameworks */ = {
			isa = PBXFrameworksBuildPhase;
			buildActionMask = 2147483647;
			files = (
				8A8B3257A44B5ADCA90598CA /* Pods_RxWeatherTests.framework in Frameworks */,
			);
			runOnlyForDeploymentPostprocessing = 0;
		};
		7E2E9546296EE45D009259B5 /* Frameworks */ = {
			isa = PBXFrameworksBuildPhase;
			buildActionMask = 2147483647;
			files = (
				E88ABDBA10E358FC1C379F53 /* Pods_RxWeather_RxWeatherUITests.framework in Frameworks */,
			);
			runOnlyForDeploymentPostprocessing = 0;
		};
/* End PBXFrameworksBuildPhase section */

/* Begin PBXGroup section */
		7E2E9520296EE45C009259B5 = {
			isa = PBXGroup;
			children = (
				7E2E952B296EE45C009259B5 /* RxWeather */,
				7E2E9542296EE45D009259B5 /* RxWeatherTests */,
				7E2E954C296EE45D009259B5 /* RxWeatherUITests */,
				7E2E952A296EE45C009259B5 /* Products */,
				8DD56BD99688B05E9EBE0915 /* Pods */,
				8206D985A5AF00C0BF3E0642 /* Frameworks */,
			);
			sourceTree = "<group>";
		};
		7E2E952A296EE45C009259B5 /* Products */ = {
			isa = PBXGroup;
			children = (
				7E2E9529296EE45C009259B5 /* RxWeather.app */,
				7E2E953F296EE45D009259B5 /* RxWeatherTests.xctest */,
				7E2E9549296EE45D009259B5 /* RxWeatherUITests.xctest */,
			);
			name = Products;
			sourceTree = "<group>";
		};
		7E2E952B296EE45C009259B5 /* RxWeather */ = {
			isa = PBXGroup;
			children = (
				7E2E955F296EECA1009259B5 /* Extensions */,
				7E2E955C296EE9B5009259B5 /* Models */,
				7E2E952C296EE45C009259B5 /* AppDelegate.swift */,
				7E2E952E296EE45C009259B5 /* SceneDelegate.swift */,
				7E2E9530296EE45C009259B5 /* ViewController.swift */,
				7E2E9532296EE45C009259B5 /* Main.storyboard */,
				7E2E9535296EE45D009259B5 /* Assets.xcassets */,
				7E2E9537296EE45D009259B5 /* LaunchScreen.storyboard */,
				7E2E953A296EE45D009259B5 /* Info.plist */,
			);
			path = RxWeather;
			sourceTree = "<group>";
		};
		7E2E9542296EE45D009259B5 /* RxWeatherTests */ = {
			isa = PBXGroup;
			children = (
				7E2E9543296EE45D009259B5 /* RxWeatherTests.swift */,
			);
			path = RxWeatherTests;
			sourceTree = "<group>";
		};
		7E2E954C296EE45D009259B5 /* RxWeatherUITests */ = {
			isa = PBXGroup;
			children = (
				7E2E954D296EE45D009259B5 /* RxWeatherUITests.swift */,
				7E2E954F296EE45D009259B5 /* RxWeatherUITestsLaunchTests.swift */,
			);
			path = RxWeatherUITests;
			sourceTree = "<group>";
		};
		7E2E955C296EE9B5009259B5 /* Models */ = {
			isa = PBXGroup;
			children = (
				7E2E955D296EE9C3009259B5 /* Weather.swift */,
			);
			path = Models;
			sourceTree = "<group>";
		};
		7E2E955F296EECA1009259B5 /* Extensions */ = {
			isa = PBXGroup;
			children = (
				7E2E9560296EECB2009259B5 /* URLRequest+Ex.swift */,
				7E2E9562296EF402009259B5 /* URL+Ex.swift */,
			);
			path = Extensions;
			sourceTree = "<group>";
		};
		8206D985A5AF00C0BF3E0642 /* Frameworks */ = {
			isa = PBXGroup;
			children = (
				5BA1ADA9DDD02FCD45A2FB52 /* Pods_RxWeather.framework */,
				1BA01961E0AA2AE789467307 /* Pods_RxWeather_RxWeatherUITests.framework */,
				B93F81C77D0745EABB5867E1 /* Pods_RxWeatherTests.framework */,
			);
			name = Frameworks;
			sourceTree = "<group>";
		};
		8DD56BD99688B05E9EBE0915 /* Pods */ = {
			isa = PBXGroup;
			children = (
				E95F4DFD2B855D0709460FF5 /* Pods-RxWeather.debug.xcconfig */,
				3FF3960F885FAD67939D9BC7 /* Pods-RxWeather.release.xcconfig */,
				29AAE47503F5A9CC289C13CE /* Pods-RxWeather-RxWeatherUITests.debug.xcconfig */,
				ADC06DB3D845DFCA07933279 /* Pods-RxWeather-RxWeatherUITests.release.xcconfig */,
				93E3BA5099C47AFF0227559B /* Pods-RxWeatherTests.debug.xcconfig */,
				DC14740055214CA432E4C7C5 /* Pods-RxWeatherTests.release.xcconfig */,
			);
			path = Pods;
			sourceTree = "<group>";
		};
/* End PBXGroup section */

/* Begin PBXNativeTarget section */
		7E2E9528296EE45C009259B5 /* RxWeather */ = {
			isa = PBXNativeTarget;
			buildConfigurationList = 7E2E9553296EE45D009259B5 /* Build configuration list for PBXNativeTarget "RxWeather" */;
			buildPhases = (
				437EFBAF0B3142CFC023F874 /* [CP] Check Pods Manifest.lock */,
				7E2E9525296EE45C009259B5 /* Sources */,
				7E2E9526296EE45C009259B5 /* Frameworks */,
				7E2E9527296EE45C009259B5 /* Resources */,
				99673B4113117E069978D40F /* [CP] Embed Pods Frameworks */,
			);
			buildRules = (
			);
			dependencies = (
			);
			name = RxWeather;
			productName = RxWeather;
			productReference = 7E2E9529296EE45C009259B5 /* RxWeather.app */;
			productType = "com.apple.product-type.application";
		};
		7E2E953E296EE45D009259B5 /* RxWeatherTests */ = {
			isa = PBXNativeTarget;
			buildConfigurationList = 7E2E9556296EE45D009259B5 /* Build configuration list for PBXNativeTarget "RxWeatherTests" */;
			buildPhases = (
				723115696BAAA72766D3AAF2 /* [CP] Check Pods Manifest.lock */,
				7E2E953B296EE45D009259B5 /* Sources */,
				7E2E953C296EE45D009259B5 /* Frameworks */,
				7E2E953D296EE45D009259B5 /* Resources */,
			);
			buildRules = (
			);
			dependencies = (
				7E2E9541296EE45D009259B5 /* PBXTargetDependency */,
			);
			name = RxWeatherTests;
			productName = RxWeatherTests;
			productReference = 7E2E953F296EE45D009259B5 /* RxWeatherTests.xctest */;
			productType = "com.apple.product-type.bundle.unit-test";
		};
		7E2E9548296EE45D009259B5 /* RxWeatherUITests */ = {
			isa = PBXNativeTarget;
			buildConfigurationList = 7E2E9559296EE45D009259B5 /* Build configuration list for PBXNativeTarget "RxWeatherUITests" */;
			buildPhases = (
				8B6BD6BB36C9846DD9749B34 /* [CP] Check Pods Manifest.lock */,
				7E2E9545296EE45D009259B5 /* Sources */,
				7E2E9546296EE45D009259B5 /* Frameworks */,
				7E2E9547296EE45D009259B5 /* Resources */,
				0271428BC4CD065BDD3F81E9 /* [CP] Embed Pods Frameworks */,
			);
			buildRules = (
			);
			dependencies = (
				7E2E954B296EE45D009259B5 /* PBXTargetDependency */,
			);
			name = RxWeatherUITests;
			productName = RxWeatherUITests;
			productReference = 7E2E9549296EE45D009259B5 /* RxWeatherUITests.xctest */;
			productType = "com.apple.product-type.bundle.ui-testing";
		};
/* End PBXNativeTarget section */

/* Begin PBXProject section */
		7E2E9521296EE45C009259B5 /* Project object */ = {
			isa = PBXProject;
			attributes = {
				BuildIndependentTargetsInParallel = 1;
				LastSwiftUpdateCheck = 1340;
				LastUpgradeCheck = 1340;
				TargetAttributes = {
					7E2E9528296EE45C009259B5 = {
						CreatedOnToolsVersion = 13.4.1;
					};
					7E2E953E296EE45D009259B5 = {
						CreatedOnToolsVersion = 13.4.1;
						TestTargetID = 7E2E9528296EE45C009259B5;
					};
					7E2E9548296EE45D009259B5 = {
						CreatedOnToolsVersion = 13.4.1;
						TestTargetID = 7E2E9528296EE45C009259B5;
					};
				};
			};
			buildConfigurationList = 7E2E9524296EE45C009259B5 /* Build configuration list for PBXProject "RxWeather" */;
			compatibilityVersion = "Xcode 13.0";
			developmentRegion = en;
			hasScannedForEncodings = 0;
			knownRegions = (
				en,
				Base,
			);
			mainGroup = 7E2E9520296EE45C009259B5;
			productRefGroup = 7E2E952A296EE45C009259B5 /* Products */;
			projectDirPath = "";
			projectRoot = "";
			targets = (
				7E2E9528296EE45C009259B5 /* RxWeather */,
				7E2E953E296EE45D009259B5 /* RxWeatherTests */,
				7E2E9548296EE45D009259B5 /* RxWeatherUITests */,
			);
		};
/* End PBXProject section */

/* Begin PBXResourcesBuildPhase section */
		7E2E9527296EE45C009259B5 /* Resources */ = {
			isa = PBXResourcesBuildPhase;
			buildActionMask = 2147483647;
			files = (
				7E2E9539296EE45D009259B5 /* LaunchScreen.storyboard in Resources */,
				7E2E9536296EE45D009259B5 /* Assets.xcassets in Resources */,
				7E2E9534296EE45C009259B5 /* Main.storyboard in Resources */,
			);
			runOnlyForDeploymentPostprocessing = 0;
		};
		7E2E953D296EE45D009259B5 /* Resources */ = {
			isa = PBXResourcesBuildPhase;
			buildActionMask = 2147483647;
			files = (
			);
			runOnlyForDeploymentPostprocessing = 0;
		};
		7E2E9547296EE45D009259B5 /* Resources */ = {
			isa = PBXResourcesBuildPhase;
			buildActionMask = 2147483647;
			files = (
			);
			runOnlyForDeploymentPostprocessing = 0;
		};
/* End PBXResourcesBuildPhase section */

/* Begin PBXShellScriptBuildPhase section */
		0271428BC4CD065BDD3F81E9 /* [CP] Embed Pods Frameworks */ = {
			isa = PBXShellScriptBuildPhase;
			buildActionMask = 2147483647;
			files = (
			);
			inputFileListPaths = (
				"${PODS_ROOT}/Target Support Files/Pods-RxWeather-RxWeatherUITests/Pods-RxWeather-RxWeatherUITests-frameworks-${CONFIGURATION}-input-files.xcfilelist",
			);
			name = "[CP] Embed Pods Frameworks";
			outputFileListPaths = (
				"${PODS_ROOT}/Target Support Files/Pods-RxWeather-RxWeatherUITests/Pods-RxWeather-RxWeatherUITests-frameworks-${CONFIGURATION}-output-files.xcfilelist",
			);
			runOnlyForDeploymentPostprocessing = 0;
			shellPath = /bin/sh;
			shellScript = "\"${PODS_ROOT}/Target Support Files/Pods-RxWeather-RxWeatherUITests/Pods-RxWeather-RxWeatherUITests-frameworks.sh\"\n";
			showEnvVarsInLog = 0;
		};
		437EFBAF0B3142CFC023F874 /* [CP] Check Pods Manifest.lock */ = {
			isa = PBXShellScriptBuildPhase;
			buildActionMask = 2147483647;
			files = (
			);
			inputFileListPaths = (
			);
			inputPaths = (
				"${PODS_PODFILE_DIR_PATH}/Podfile.lock",
				"${PODS_ROOT}/Manifest.lock",
			);
			name = "[CP] Check Pods Manifest.lock";
			outputFileListPaths = (
			);
			outputPaths = (
				"$(DERIVED_FILE_DIR)/Pods-RxWeather-checkManifestLockResult.txt",
			);
			runOnlyForDeploymentPostprocessing = 0;
			shellPath = /bin/sh;
			shellScript = "diff \"${PODS_PODFILE_DIR_PATH}/Podfile.lock\" \"${PODS_ROOT}/Manifest.lock\" > /dev/null\nif [ $? != 0 ] ; then\n    # print error to STDERR\n    echo \"error: The sandbox is not in sync with the Podfile.lock. Run 'pod install' or update your CocoaPods installation.\" >&2\n    exit 1\nfi\n# This output is used by Xcode 'outputs' to avoid re-running this script phase.\necho \"SUCCESS\" > \"${SCRIPT_OUTPUT_FILE_0}\"\n";
			showEnvVarsInLog = 0;
		};
		723115696BAAA72766D3AAF2 /* [CP] Check Pods Manifest.lock */ = {
			isa = PBXShellScriptBuildPhase;
			buildActionMask = 2147483647;
			files = (
			);
			inputFileListPaths = (
			);
			inputPaths = (
				"${PODS_PODFILE_DIR_PATH}/Podfile.lock",
				"${PODS_ROOT}/Manifest.lock",
			);
			name = "[CP] Check Pods Manifest.lock";
			outputFileListPaths = (
			);
			outputPaths = (
				"$(DERIVED_FILE_DIR)/Pods-RxWeatherTests-checkManifestLockResult.txt",
			);
			runOnlyForDeploymentPostprocessing = 0;
			shellPath = /bin/sh;
			shellScript = "diff \"${PODS_PODFILE_DIR_PATH}/Podfile.lock\" \"${PODS_ROOT}/Manifest.lock\" > /dev/null\nif [ $? != 0 ] ; then\n    # print error to STDERR\n    echo \"error: The sandbox is not in sync with the Podfile.lock. Run 'pod install' or update your CocoaPods installation.\" >&2\n    exit 1\nfi\n# This output is used by Xcode 'outputs' to avoid re-running this script phase.\necho \"SUCCESS\" > \"${SCRIPT_OUTPUT_FILE_0}\"\n";
			showEnvVarsInLog = 0;
		};
		8B6BD6BB36C9846DD9749B34 /* [CP] Check Pods Manifest.lock */ = {
			isa = PBXShellScriptBuildPhase;
			buildActionMask = 2147483647;
			files = (
			);
			inputFileListPaths = (
			);
			inputPaths = (
				"${PODS_PODFILE_DIR_PATH}/Podfile.lock",
				"${PODS_ROOT}/Manifest.lock",
			);
			name = "[CP] Check Pods Manifest.lock";
			outputFileListPaths = (
			);
			outputPaths = (
				"$(DERIVED_FILE_DIR)/Pods-RxWeather-RxWeatherUITests-checkManifestLockResult.txt",
			);
			runOnlyForDeploymentPostprocessing = 0;
			shellPath = /bin/sh;
			shellScript = "diff \"${PODS_PODFILE_DIR_PATH}/Podfile.lock\" \"${PODS_ROOT}/Manifest.lock\" > /dev/null\nif [ $? != 0 ] ; then\n    # print error to STDERR\n    echo \"error: The sandbox is not in sync with the Podfile.lock. Run 'pod install' or update your CocoaPods installation.\" >&2\n    exit 1\nfi\n# This output is used by Xcode 'outputs' to avoid re-running this script phase.\necho \"SUCCESS\" > \"${SCRIPT_OUTPUT_FILE_0}\"\n";
			showEnvVarsInLog = 0;
		};
		99673B4113117E069978D40F /* [CP] Embed Pods Frameworks */ = {
			isa = PBXShellScriptBuildPhase;
			buildActionMask = 2147483647;
			files = (
			);
			inputFileListPaths = (
				"${PODS_ROOT}/Target Support Files/Pods-RxWeather/Pods-RxWeather-frameworks-${CONFIGURATION}-input-files.xcfilelist",
			);
			name = "[CP] Embed Pods Frameworks";
			outputFileListPaths = (
				"${PODS_ROOT}/Target Support Files/Pods-RxWeather/Pods-RxWeather-frameworks-${CONFIGURATION}-output-files.xcfilelist",
			);
			runOnlyForDeploymentPostprocessing = 0;
			shellPath = /bin/sh;
			shellScript = "\"${PODS_ROOT}/Target Support Files/Pods-RxWeather/Pods-RxWeather-frameworks.sh\"\n";
			showEnvVarsInLog = 0;
		};
/* End PBXShellScriptBuildPhase section */

/* Begin PBXSourcesBuildPhase section */
		7E2E9525296EE45C009259B5 /* Sources */ = {
			isa = PBXSourcesBuildPhase;
			buildActionMask = 2147483647;
			files = (
				7E2E9563296EF402009259B5 /* URL+Ex.swift in Sources */,
				7E2E955E296EE9C3009259B5 /* Weather.swift in Sources */,
				7E2E9531296EE45C009259B5 /* ViewController.swift in Sources */,
				7E2E9561296EECB2009259B5 /* URLRequest+Ex.swift in Sources */,
				7E2E952D296EE45C009259B5 /* AppDelegate.swift in Sources */,
				7E2E952F296EE45C009259B5 /* SceneDelegate.swift in Sources */,
			);
			runOnlyForDeploymentPostprocessing = 0;
		};
		7E2E953B296EE45D009259B5 /* Sources */ = {
			isa = PBXSourcesBuildPhase;
			buildActionMask = 2147483647;
			files = (
				7E2E9544296EE45D009259B5 /* RxWeatherTests.swift in Sources */,
			);
			runOnlyForDeploymentPostprocessing = 0;
		};
		7E2E9545296EE45D009259B5 /* Sources */ = {
			isa = PBXSourcesBuildPhase;
			buildActionMask = 2147483647;
			files = (
				7E2E954E296EE45D009259B5 /* RxWeatherUITests.swift in Sources */,
				7E2E9550296EE45D009259B5 /* RxWeatherUITestsLaunchTests.swift in Sources */,
			);
			runOnlyForDeploymentPostprocessing = 0;
		};
/* End PBXSourcesBuildPhase section */

/* Begin PBXTargetDependency section */
		7E2E9541296EE45D009259B5 /* PBXTargetDependency */ = {
			isa = PBXTargetDependency;
			target = 7E2E9528296EE45C009259B5 /* RxWeather */;
			targetProxy = 7E2E9540296EE45D009259B5 /* PBXContainerItemProxy */;
		};
		7E2E954B296EE45D009259B5 /* PBXTargetDependency */ = {
			isa = PBXTargetDependency;
			target = 7E2E9528296EE45C009259B5 /* RxWeather */;
			targetProxy = 7E2E954A296EE45D009259B5 /* PBXContainerItemProxy */;
		};
/* End PBXTargetDependency section */

/* Begin PBXVariantGroup section */
		7E2E9532296EE45C009259B5 /* Main.storyboard */ = {
			isa = PBXVariantGroup;
			children = (
				7E2E9533296EE45C009259B5 /* Base */,
			);
			name = Main.storyboard;
			sourceTree = "<group>";
		};
		7E2E9537296EE45D009259B5 /* LaunchScreen.storyboard */ = {
			isa = PBXVariantGroup;
			children = (
				7E2E9538296EE45D009259B5 /* Base */,
			);
			name = LaunchScreen.storyboard;
			sourceTree = "<group>";
		};
/* End PBXVariantGroup section */

/* Begin XCBuildConfiguration section */
		7E2E9551296EE45D009259B5 /* Debug */ = {
			isa = XCBuildConfiguration;
			buildSettings = {
				ALWAYS_SEARCH_USER_PATHS = NO;
				CLANG_ANALYZER_NONNULL = YES;
				CLANG_ANALYZER_NUMBER_OBJECT_CONVERSION = YES_AGGRESSIVE;
				CLANG_CXX_LANGUAGE_STANDARD = "gnu++17";
				CLANG_ENABLE_MODULES = YES;
				CLANG_ENABLE_OBJC_ARC = YES;
				CLANG_ENABLE_OBJC_WEAK = YES;
				CLANG_WARN_BLOCK_CAPTURE_AUTORELEASING = YES;
				CLANG_WARN_BOOL_CONVERSION = YES;
				CLANG_WARN_COMMA = YES;
				CLANG_WARN_CONSTANT_CONVERSION = YES;
				CLANG_WARN_DEPRECATED_OBJC_IMPLEMENTATIONS = YES;
				CLANG_WARN_DIRECT_OBJC_ISA_USAGE = YES_ERROR;
				CLANG_WARN_DOCUMENTATION_COMMENTS = YES;
				CLANG_WARN_EMPTY_BODY = YES;
				CLANG_WARN_ENUM_CONVERSION = YES;
				CLANG_WARN_INFINITE_RECURSION = YES;
				CLANG_WARN_INT_CONVERSION = YES;
				CLANG_WARN_NON_LITERAL_NULL_CONVERSION = YES;
				CLANG_WARN_OBJC_IMPLICIT_RETAIN_SELF = YES;
				CLANG_WARN_OBJC_LITERAL_CONVERSION = YES;
				CLANG_WARN_OBJC_ROOT_CLASS = YES_ERROR;
				CLANG_WARN_QUOTED_INCLUDE_IN_FRAMEWORK_HEADER = YES;
				CLANG_WARN_RANGE_LOOP_ANALYSIS = YES;
				CLANG_WARN_STRICT_PROTOTYPES = YES;
				CLANG_WARN_SUSPICIOUS_MOVE = YES;
				CLANG_WARN_UNGUARDED_AVAILABILITY = YES_AGGRESSIVE;
				CLANG_WARN_UNREACHABLE_CODE = YES;
				CLANG_WARN__DUPLICATE_METHOD_MATCH = YES;
				COPY_PHASE_STRIP = NO;
				DEBUG_INFORMATION_FORMAT = dwarf;
				ENABLE_STRICT_OBJC_MSGSEND = YES;
				ENABLE_TESTABILITY = YES;
				GCC_C_LANGUAGE_STANDARD = gnu11;
				GCC_DYNAMIC_NO_PIC = NO;
				GCC_NO_COMMON_BLOCKS = YES;
				GCC_OPTIMIZATION_LEVEL = 0;
				GCC_PREPROCESSOR_DEFINITIONS = (
					"DEBUG=1",
					"$(inherited)",
				);
				GCC_WARN_64_TO_32_BIT_CONVERSION = YES;
				GCC_WARN_ABOUT_RETURN_TYPE = YES_ERROR;
				GCC_WARN_UNDECLARED_SELECTOR = YES;
				GCC_WARN_UNINITIALIZED_AUTOS = YES_AGGRESSIVE;
				GCC_WARN_UNUSED_FUNCTION = YES;
				GCC_WARN_UNUSED_VARIABLE = YES;
				IPHONEOS_DEPLOYMENT_TARGET = 15.5;
				MTL_ENABLE_DEBUG_INFO = INCLUDE_SOURCE;
				MTL_FAST_MATH = YES;
				ONLY_ACTIVE_ARCH = YES;
				SDKROOT = iphoneos;
				SWIFT_ACTIVE_COMPILATION_CONDITIONS = DEBUG;
				SWIFT_OPTIMIZATION_LEVEL = "-Onone";
			};
			name = Debug;
		};
		7E2E9552296EE45D009259B5 /* Release */ = {
			isa = XCBuildConfiguration;
			buildSettings = {
				ALWAYS_SEARCH_USER_PATHS = NO;
				CLANG_ANALYZER_NONNULL = YES;
				CLANG_ANALYZER_NUMBER_OBJECT_CONVERSION = YES_AGGRESSIVE;
				CLANG_CXX_LANGUAGE_STANDARD = "gnu++17";
				CLANG_ENABLE_MODULES = YES;
				CLANG_ENABLE_OBJC_ARC = YES;
				CLANG_ENABLE_OBJC_WEAK = YES;
				CLANG_WARN_BLOCK_CAPTURE_AUTORELEASING = YES;
				CLANG_WARN_BOOL_CONVERSION = YES;
				CLANG_WARN_COMMA = YES;
				CLANG_WARN_CONSTANT_CONVERSION = YES;
				CLANG_WARN_DEPRECATED_OBJC_IMPLEMENTATIONS = YES;
				CLANG_WARN_DIRECT_OBJC_ISA_USAGE = YES_ERROR;
				CLANG_WARN_DOCUMENTATION_COMMENTS = YES;
				CLANG_WARN_EMPTY_BODY = YES;
				CLANG_WARN_ENUM_CONVERSION = YES;
				CLANG_WARN_INFINITE_RECURSION = YES;
				CLANG_WARN_INT_CONVERSION = YES;
				CLANG_WARN_NON_LITERAL_NULL_CONVERSION = YES;
				CLANG_WARN_OBJC_IMPLICIT_RETAIN_SELF = YES;
				CLANG_WARN_OBJC_LITERAL_CONVERSION = YES;
				CLANG_WARN_OBJC_ROOT_CLASS = YES_ERROR;
				CLANG_WARN_QUOTED_INCLUDE_IN_FRAMEWORK_HEADER = YES;
				CLANG_WARN_RANGE_LOOP_ANALYSIS = YES;
				CLANG_WARN_STRICT_PROTOTYPES = YES;
				CLANG_WARN_SUSPICIOUS_MOVE = YES;
				CLANG_WARN_UNGUARDED_AVAILABILITY = YES_AGGRESSIVE;
				CLANG_WARN_UNREACHABLE_CODE = YES;
				CLANG_WARN__DUPLICATE_METHOD_MATCH = YES;
				COPY_PHASE_STRIP = NO;
				DEBUG_INFORMATION_FORMAT = "dwarf-with-dsym";
				ENABLE_NS_ASSERTIONS = NO;
				ENABLE_STRICT_OBJC_MSGSEND = YES;
				GCC_C_LANGUAGE_STANDARD = gnu11;
				GCC_NO_COMMON_BLOCKS = YES;
				GCC_WARN_64_TO_32_BIT_CONVERSION = YES;
				GCC_WARN_ABOUT_RETURN_TYPE = YES_ERROR;
				GCC_WARN_UNDECLARED_SELECTOR = YES;
				GCC_WARN_UNINITIALIZED_AUTOS = YES_AGGRESSIVE;
				GCC_WARN_UNUSED_FUNCTION = YES;
				GCC_WARN_UNUSED_VARIABLE = YES;
				IPHONEOS_DEPLOYMENT_TARGET = 15.5;
				MTL_ENABLE_DEBUG_INFO = NO;
				MTL_FAST_MATH = YES;
				SDKROOT = iphoneos;
				SWIFT_COMPILATION_MODE = wholemodule;
				SWIFT_OPTIMIZATION_LEVEL = "-O";
				VALIDATE_PRODUCT = YES;
			};
			name = Release;
		};
		7E2E9554296EE45D009259B5 /* Debug */ = {
			isa = XCBuildConfiguration;
			baseConfigurationReference = E95F4DFD2B855D0709460FF5 /* Pods-RxWeather.debug.xcconfig */;
			buildSettings = {
				ASSETCATALOG_COMPILER_APPICON_NAME = AppIcon;
				ASSETCATALOG_COMPILER_GLOBAL_ACCENT_COLOR_NAME = AccentColor;
				CODE_SIGN_STYLE = Automatic;
				CURRENT_PROJECT_VERSION = 1;
				DEVELOPMENT_TEAM = 76P85BXFRK;
				GENERATE_INFOPLIST_FILE = YES;
				INFOPLIST_FILE = RxWeather/Info.plist;
				INFOPLIST_KEY_UIApplicationSupportsIndirectInputEvents = YES;
				INFOPLIST_KEY_UILaunchStoryboardName = LaunchScreen;
				INFOPLIST_KEY_UIMainStoryboardFile = Main;
				INFOPLIST_KEY_UISupportedInterfaceOrientations_iPad = "UIInterfaceOrientationPortrait UIInterfaceOrientationPortraitUpsideDown UIInterfaceOrientationLandscapeLeft UIInterfaceOrientationLandscapeRight";
				INFOPLIST_KEY_UISupportedInterfaceOrientations_iPhone = "UIInterfaceOrientationPortrait UIInterfaceOrientationLandscapeLeft UIInterfaceOrientationLandscapeRight";
				LD_RUNPATH_SEARCH_PATHS = (
					"$(inherited)",
					"@executable_path/Frameworks",
				);
				MARKETING_VERSION = 1.0;
				PRODUCT_BUNDLE_IDENTIFIER = com.itsalhussein.RxWeather;
				PRODUCT_NAME = "$(TARGET_NAME)";
				SWIFT_EMIT_LOC_STRINGS = YES;
				SWIFT_VERSION = 5.0;
				TARGETED_DEVICE_FAMILY = "1,2";
			};
			name = Debug;
		};
		7E2E9555296EE45D009259B5 /* Release */ = {
			isa = XCBuildConfiguration;
			baseConfigurationReference = 3FF3960F885FAD67939D9BC7 /* Pods-RxWeather.release.xcconfig */;
			buildSettings = {
				ASSETCATALOG_COMPILER_APPICON_NAME = AppIcon;
				ASSETCATALOG_COMPILER_GLOBAL_ACCENT_COLOR_NAME = AccentColor;
				CODE_SIGN_STYLE = Automatic;
				CURRENT_PROJECT_VERSION = 1;
				DEVELOPMENT_TEAM = 76P85BXFRK;
				GENERATE_INFOPLIST_FILE = YES;
				INFOPLIST_FILE = RxWeather/Info.plist;
				INFOPLIST_KEY_UIApplicationSupportsIndirectInputEvents = YES;
				INFOPLIST_KEY_UILaunchStoryboardName = LaunchScreen;
				INFOPLIST_KEY_UIMainStoryboardFile = Main;
				INFOPLIST_KEY_UISupportedInterfaceOrientations_iPad = "UIInterfaceOrientationPortrait UIInterfaceOrientationPortraitUpsideDown UIInterfaceOrientationLandscapeLeft UIInterfaceOrientationLandscapeRight";
				INFOPLIST_KEY_UISupportedInterfaceOrientations_iPhone = "UIInterfaceOrientationPortrait UIInterfaceOrientationLandscapeLeft UIInterfaceOrientationLandscapeRight";
				LD_RUNPATH_SEARCH_PATHS = (
					"$(inherited)",
					"@executable_path/Frameworks",
				);
				MARKETING_VERSION = 1.0;
				PRODUCT_BUNDLE_IDENTIFIER = com.itsalhussein.RxWeather;
				PRODUCT_NAME = "$(TARGET_NAME)";
				SWIFT_EMIT_LOC_STRINGS = YES;
				SWIFT_VERSION = 5.0;
				TARGETED_DEVICE_FAMILY = "1,2";
			};
			name = Release;
		};
		7E2E9557296EE45D009259B5 /* Debug */ = {
			isa = XCBuildConfiguration;
			baseConfigurationReference = 93E3BA5099C47AFF0227559B /* Pods-RxWeatherTests.debug.xcconfig */;
			buildSettings = {
				ALWAYS_EMBED_SWIFT_STANDARD_LIBRARIES = YES;
				BUNDLE_LOADER = "$(TEST_HOST)";
				CODE_SIGN_STYLE = Automatic;
				CURRENT_PROJECT_VERSION = 1;
				DEVELOPMENT_TEAM = 76P85BXFRK;
				GENERATE_INFOPLIST_FILE = YES;
				IPHONEOS_DEPLOYMENT_TARGET = 15.5;
				MARKETING_VERSION = 1.0;
				PRODUCT_BUNDLE_IDENTIFIER = com.itsalhussein.RxWeatherTests;
				PRODUCT_NAME = "$(TARGET_NAME)";
				SWIFT_EMIT_LOC_STRINGS = NO;
				SWIFT_VERSION = 5.0;
				TARGETED_DEVICE_FAMILY = "1,2";
				TEST_HOST = "$(BUILT_PRODUCTS_DIR)/RxWeather.app/RxWeather";
			};
			name = Debug;
		};
		7E2E9558296EE45D009259B5 /* Release */ = {
			isa = XCBuildConfiguration;
			baseConfigurationReference = DC14740055214CA432E4C7C5 /* Pods-RxWeatherTests.release.xcconfig */;
			buildSettings = {
				ALWAYS_EMBED_SWIFT_STANDARD_LIBRARIES = YES;
				BUNDLE_LOADER = "$(TEST_HOST)";
				CODE_SIGN_STYLE = Automatic;
				CURRENT_PROJECT_VERSION = 1;
				DEVELOPMENT_TEAM = 76P85BXFRK;
				GENERATE_INFOPLIST_FILE = YES;
				IPHONEOS_DEPLOYMENT_TARGET = 15.5;
				MARKETING_VERSION = 1.0;
				PRODUCT_BUNDLE_IDENTIFIER = com.itsalhussein.RxWeatherTests;
				PRODUCT_NAME = "$(TARGET_NAME)";
				SWIFT_EMIT_LOC_STRINGS = NO;
				SWIFT_VERSION = 5.0;
				TARGETED_DEVICE_FAMILY = "1,2";
				TEST_HOST = "$(BUILT_PRODUCTS_DIR)/RxWeather.app/RxWeather";
			};
			name = Release;
		};
		7E2E955A296EE45D009259B5 /* Debug */ = {
			isa = XCBuildConfiguration;
			baseConfigurationReference = 29AAE47503F5A9CC289C13CE /* Pods-RxWeather-RxWeatherUITests.debug.xcconfig */;
			buildSettings = {
				ALWAYS_EMBED_SWIFT_STANDARD_LIBRARIES = YES;
				CODE_SIGN_STYLE = Automatic;
				CURRENT_PROJECT_VERSION = 1;
				DEVELOPMENT_TEAM = 76P85BXFRK;
				GENERATE_INFOPLIST_FILE = YES;
				MARKETING_VERSION = 1.0;
				PRODUCT_BUNDLE_IDENTIFIER = com.itsalhussein.RxWeatherUITests;
				PRODUCT_NAME = "$(TARGET_NAME)";
				SWIFT_EMIT_LOC_STRINGS = NO;
				SWIFT_VERSION = 5.0;
				TARGETED_DEVICE_FAMILY = "1,2";
				TEST_TARGET_NAME = RxWeather;
			};
			name = Debug;
		};
		7E2E955B296EE45D009259B5 /* Release */ = {
			isa = XCBuildConfiguration;
			baseConfigurationReference = ADC06DB3D845DFCA07933279 /* Pods-RxWeather-RxWeatherUITests.release.xcconfig */;
			buildSettings = {
				ALWAYS_EMBED_SWIFT_STANDARD_LIBRARIES = YES;
				CODE_SIGN_STYLE = Automatic;
				CURRENT_PROJECT_VERSION = 1;
				DEVELOPMENT_TEAM = 76P85BXFRK;
				GENERATE_INFOPLIST_FILE = YES;
				MARKETING_VERSION = 1.0;
				PRODUCT_BUNDLE_IDENTIFIER = com.itsalhussein.RxWeatherUITests;
				PRODUCT_NAME = "$(TARGET_NAME)";
				SWIFT_EMIT_LOC_STRINGS = NO;
				SWIFT_VERSION = 5.0;
				TARGETED_DEVICE_FAMILY = "1,2";
				TEST_TARGET_NAME = RxWeather;
			};
			name = Release;
		};
/* End XCBuildConfiguration section */

/* Begin XCConfigurationList section */
		7E2E9524296EE45C009259B5 /* Build configuration list for PBXProject "RxWeather" */ = {
			isa = XCConfigurationList;
			buildConfigurations = (
				7E2E9551296EE45D009259B5 /* Debug */,
				7E2E9552296EE45D009259B5 /* Release */,
			);
			defaultConfigurationIsVisible = 0;
			defaultConfigurationName = Release;
		};
		7E2E9553296EE45D009259B5 /* Build configuration list for PBXNativeTarget "RxWeather" */ = {
			isa = XCConfigurationList;
			buildConfigurations = (
				7E2E9554296EE45D009259B5 /* Debug */,
				7E2E9555296EE45D009259B5 /* Release */,
			);
			defaultConfigurationIsVisible = 0;
			defaultConfigurationName = Release;
		};
		7E2E9556296EE45D009259B5 /* Build configuration list for PBXNativeTarget "RxWeatherTests" */ = {
			isa = XCConfigurationList;
			buildConfigurations = (
				7E2E9557296EE45D009259B5 /* Debug */,
				7E2E9558296EE45D009259B5 /* Release */,
			);
			defaultConfigurationIsVisible = 0;
			defaultConfigurationName = Release;
		};
		7E2E9559296EE45D009259B5 /* Build configuration list for PBXNativeTarget "RxWeatherUITests" */ = {
			isa = XCConfigurationList;
			buildConfigurations = (
				7E2E955A296EE45D009259B5 /* Debug */,
				7E2E955B296EE45D009259B5 /* Release */,
			);
			defaultConfigurationIsVisible = 0;
			defaultConfigurationName = Release;
		};
/* End XCConfigurationList section */
	};
	rootObject = 7E2E9521296EE45C009259B5 /* Project object */;
}
